
Microsoft Visual Studio Solution File, Format Version 12.00
# Visual Studio Version 16
VisualStudioVersion = 16.0.30204.135
MinimumVisualStudioVersion = 10.0.40219.1
Project("{FAE04EC0-301F-11D3-BF4B-00C04F79EFBC}") = "Nuevo TP3", "Nuevo TP3\Nuevo TP3.csproj", "{105AD85A-13D5-4358-89D4-CB86195A8FE8}"
EndProject
Project("{FAE04EC0-301F-11D3-BF4B-00C04F79EFBC}") = "Clases Abstractas", "Clases Abstractas\Clases Abstractas.csproj", "{1C38FA6E-9E8E-40E0-B50B-1818793C158C}"
EndProject
Project("{FAE04EC0-301F-11D3-BF4B-00C04F79EFBC}") = "Archivos", "Archivos\Archivos.csproj", "{24BF65DE-BF00-4763-B558-92B1B67BF4AF}"
EndProject
Project("{FAE04EC0-301F-11D3-BF4B-00C04F79EFBC}") = "Clases Instanciables", "Clases Instanciables\Clases Instanciables.csproj", "{95BA244B-825E-4C4F-94B3-151E9CD4227D}"
EndProject
Project("{FAE04EC0-301F-11D3-BF4B-00C04F79EFBC}") = "Excepciones", "Excepciones\Excepciones.csproj", "{B404A3EB-2F1D-4682-8D64-0DFF50299ADC}"
EndProject
Project("{FAE04EC0-301F-11D3-BF4B-00C04F79EFBC}") = "TestsUnitarios", "TestsUnitarios\TestsUnitarios.csproj", "{C76BD059-6548-459F-83E9-494410FEE769}"
EndProject
Global
	GlobalSection(SolutionConfigurationPlatforms) = preSolution
		Debug|Any CPU = Debug|Any CPU
		Release|Any CPU = Release|Any CPU
	EndGlobalSection
	GlobalSection(ProjectConfigurationPlatforms) = postSolution
		{105AD85A-13D5-4358-89D4-CB86195A8FE8}.Debug|Any CPU.ActiveCfg = Debug|Any CPU
		{105AD85A-13D5-4358-89D4-CB86195A8FE8}.Debug|Any CPU.Build.0 = Debug|Any CPU
		{105AD85A-13D5-4358-89D4-CB86195A8FE8}.Release|Any CPU.ActiveCfg = Release|Any CPU
		{105AD85A-13D5-4358-89D4-CB86195A8FE8}.Release|Any CPU.Build.0 = Release|Any CPU
		{1C38FA6E-9E8E-40E0-B50B-1818793C158C}.Debug|Any CPU.ActiveCfg = Debug|Any CPU
		{1C38FA6E-9E8E-40E0-B50B-1818793C158C}.Debug|Any CPU.Build.0 = Debug|Any CPU
		{1C38FA6E-9E8E-40E0-B50B-1818793C158C}.Release|Any CPU.ActiveCfg = Release|Any CPU
		{1C38FA6E-9E8E-40E0-B50B-1818793C158C}.Release|Any CPU.Build.0 = Release|Any CPU
		{24BF65DE-BF00-4763-B558-92B1B67BF4AF}.Debug|Any CPU.ActiveCfg = Debug|Any CPU
		{24BF65DE-BF00-4763-B558-92B1B67BF4AF}.Debug|Any CPU.Build.0 = Debug|Any CPU
		{24BF65DE-BF00-4763-B558-92B1B67BF4AF}.Release|Any CPU.ActiveCfg = Release|Any CPU
		{24BF65DE-BF00-4763-B558-92B1B67BF4AF}.Release|Any CPU.Build.0 = Release|Any CPU
		{95BA244B-825E-4C4F-94B3-151E9CD4227D}.Debug|Any CPU.ActiveCfg = Debug|Any CPU
		{95BA244B-825E-4C4F-94B3-151E9CD4227D}.Debug|Any CPU.Build.0 = Debug|Any CPU
		{95BA244B-825E-4C4F-94B3-151E9CD4227D}.Release|Any CPU.ActiveCfg = Release|Any CPU
		{95BA244B-825E-4C4F-94B3-151E9CD4227D}.Release|Any CPU.Build.0 = Release|Any CPU
		{B404A3EB-2F1D-4682-8D64-0DFF50299ADC}.Debug|Any CPU.ActiveCfg = Debug|Any CPU
		{B404A3EB-2F1D-4682-8D64-0DFF50299ADC}.Debug|Any CPU.Build.0 = Debug|Any CPU
		{B404A3EB-2F1D-4682-8D64-0DFF50299ADC}.Release|Any CPU.ActiveCfg = Release|Any CPU
		{B404A3EB-2F1D-4682-8D64-0DFF50299ADC}.Release|Any CPU.Build.0 = Release|Any CPU
		{C76BD059-6548-459F-83E9-494410FEE769}.Debug|Any CPU.ActiveCfg = Debug|Any CPU
		{C76BD059-6548-459F-83E9-494410FEE769}.Debug|Any CPU.Build.0 = Debug|Any CPU
		{C76BD059-6548-459F-83E9-494410FEE769}.Release|Any CPU.ActiveCfg = Release|Any CPU
		{C76BD059-6548-459F-83E9-494410FEE769}.Release|Any CPU.Build.0 = Release|Any CPU
	EndGlobalSection
	GlobalSection(SolutionProperties) = preSolution
		HideSolutionNode = FALSE
	EndGlobalSection
	GlobalSection(ExtensibilityGlobals) = postSolution
		SolutionGuid = {97FC58F0-064C-4684-8E76-BDC372279B6B}
	EndGlobalSection
EndGlobal
